<?xml version="1.0" encoding="UTF-8"?>
<Scheme
   LastUpgradeVersion = "1630"
   version = "1.7">
   <BuildAction
      parallelizeBuildables = "YES"
      buildImplicitDependencies = "YES"
      buildArchitectures = "Automatic">
      <BuildActionEntries>
         <BuildActionEntry
            buildForTesting = "YES"
            buildForRunning = "YES"
            buildForProfiling = "YES"
            buildForArchiving = "YES"
            buildForAnalyzing = "YES">
            <BuildableReference
               BuildableIdentifier = "primary"
               BlueprintIdentifier = "B3A44DED2DA4C37500C4872D"
               BuildableName = "ConDemo.app"
               BlueprintName = "ConDemo"
               ReferencedContainer = "container:ConDemo.xcodeproj">
            </BuildableReference>
         </BuildActionEntry>
      </BuildActionEntries>
   </BuildAction>
   <TestAction
      buildConfiguration = "Debug"
      selectedDebuggerIdentifier = "Xcode.DebuggerFoundation.Debugger.LLDB"
      selectedLauncherIdentifier = "Xcode.DebuggerFoundation.Launcher.LLDB"
      shouldUseLaunchSchemeArgsEnv = "YES"
      shouldAutocreateTestPlan = "YES">
   </TestAction>
   <LaunchAction
      buildConfiguration = "Debug"
      selectedDebuggerIdentifier = "Xcode.DebuggerFoundation.Debugger.LLDB"
      selectedLauncherIdentifier = "Xcode.DebuggerFoundation.Launcher.LLDB"
      launchStyle = "0"
      useCustomWorkingDirectory = "NO"
      ignoresPersistentStateOnLaunch = "NO"
      debugDocumentVersioning = "YES"
      debugServiceExtension = "internal"
      allowLocationSimulation = "YES">
      <BuildableProductRunnable
         runnableDebuggingMode = "0">
         <BuildableReference
            BuildableIdentifier = "primary"
            BlueprintIdentifier = "B3A44DED2DA4C37500C4872D"
            BuildableName = "ConDemo.app"
            BlueprintName = "ConDemo"
            ReferencedContainer = "container:ConDemo.xcodeproj">
         </BuildableReference>
      </BuildableProductRunnable>
      <CommandLineArguments>
         <CommandLineArgument
            argument = "--format"
            isEnabled = "YES">
         </CommandLineArgument>
         <CommandLineArgument
            argument = "m4a"
            isEnabled = "YES">
         </CommandLineArgument>
         <CommandLineArgument
            argument = "--path"
            isEnabled = "YES">
         </CommandLineArgument>
         <CommandLineArgument
            argument = "/Users/zzangmmz/ConDemo/ConDemo/App/Audio/testAudio2.flac"
            isEnabled = "YES">
         </CommandLineArgument>
         <CommandLineArgument
            argument = "--lang"
            isEnabled = "YES">
         </CommandLineArgument>
         <CommandLineArgument
            argument = "ko-KR"
            isEnabled = "YES">
         </CommandLineArgument>
         <CommandLineArgument
            argument = "--show-partial"
            isEnabled = "NO">
         </CommandLineArgument>
         <CommandLineArgument
            argument = "true"
            isEnabled = "NO">
         </CommandLineArgument>
         <CommandLineArgument
            argument = "--output-bucket"
            isEnabled = "YES">
         </CommandLineArgument>
         <CommandLineArgument
            argument = "$(S3_BUCKET_NAME)"
            isEnabled = "YES">
         </CommandLineArgument>
      </CommandLineArguments>
      <EnvironmentVariables>
         <EnvironmentVariable
            key = "AWS_SECRET_ACCESS_KEY"
            value = "$(AWS_SECRET_ACCESS_KEY)"
            isEnabled = "YES">
         </EnvironmentVariable>
         <EnvironmentVariable
            key = "AWS_ACCESS_KEY_ID"
            value = "$(AWS_ACCESS_KEY_ID)"
            isEnabled = "YES">
         </EnvironmentVariable>
         <EnvironmentVariable
            key = "S3BucketName"
            value = "$(S3_BUCKET_NAME)"
            isEnabled = "YES">
         </EnvironmentVariable>
      </EnvironmentVariables>
   </LaunchAction>
   <ProfileAction
      buildConfiguration = "Release"
      shouldUseLaunchSchemeArgsEnv = "YES"
      savedToolIdentifier = ""
      useCustomWorkingDirectory = "NO"
      debugDocumentVersioning = "YES">
      <BuildableProductRunnable
         runnableDebuggingMode = "0">
         <BuildableReference
            BuildableIdentifier = "primary"
            BlueprintIdentifier = "B3A44DED2DA4C37500C4872D"
            BuildableName = "ConDemo.app"
            BlueprintName = "ConDemo"
            ReferencedContainer = "container:ConDemo.xcodeproj">
         </BuildableReference>
      </BuildableProductRunnable>
   </ProfileAction>
   <AnalyzeAction
      buildConfiguration = "Debug">
   </AnalyzeAction>
   <ArchiveAction
      buildConfiguration = "Release"
      revealArchiveInOrganizer = "YES">
   </ArchiveAction>
</Scheme>
