// !$*UTF8*$!
{
	archiveVersion = 1;
	classes = {
	};
	objectVersion = 77;
	objects = {

/* Begin PBXBuildFile section */
		0F1F8F822DACA066009730B2 /* AWSTranscribeStreaming in Frameworks */ = {isa = PBXBuildFile; productRef = 0F1F8F812DACA066009730B2 /* AWSTranscribeStreaming */; };
		0F1F90142DACAA4D009730B2 /* ArgumentParser in Frameworks */ = {isa = PBXBuildFile; productRef = 0F1F90132DACAA4D009730B2 /* ArgumentParser */; };
		0F43132B2DADFA0800BD796F /* AWSTranscribe in Frameworks */ = {isa = PBXBuildFile; productRef = 0F43132A2DADFA0800BD796F /* AWSTranscribe */; };
		0F4313BF2DAE06AF00BD796F /* AWSS3 in Frameworks */ = {isa = PBXBuildFile; productRef = 0F4313BE2DAE06AF00BD796F /* AWSS3 */; };
		0F63E95E2DB0E41600C30C54 /* Log+CoreDataProperties.swift in Sources */ = {isa = PBXBuildFile; fileRef = 0F63E95A2DB0E41600C30C54 /* Log+CoreDataProperties.swift */; };
		0F63E95F2DB0E41600C30C54 /* Analysis+CoreDataProperties.swift in Sources */ = {isa = PBXBuildFile; fileRef = 0F63E9592DB0E41600C30C54 /* Analysis+CoreDataProperties.swift */; };
		0F63E9602DB0E41600C30C54 /* Poll+CoreDataProperties.swift in Sources */ = {isa = PBXBuildFile; fileRef = 0F63E95C2DB0E41600C30C54 /* Poll+CoreDataProperties.swift */; };
		0F63E9612DB0E41600C30C54 /* Summary+CoreDataProperties.swift in Sources */ = {isa = PBXBuildFile; fileRef = 0F63E95D2DB0E41600C30C54 /* Summary+CoreDataProperties.swift */; };
		0F63E9622DB0E41600C30C54 /* Message+CoreDataProperties.swift in Sources */ = {isa = PBXBuildFile; fileRef = 0F63E95B2DB0E41600C30C54 /* Message+CoreDataProperties.swift */; };
		0F6AF8752DB87BEE003B6735 /* DGCharts in Frameworks */ = {isa = PBXBuildFile; productRef = 0F6AF8742DB87BEE003B6735 /* DGCharts */; };
		0FE4137A2DAFDB9200769656 /* OpenAI in Frameworks */ = {isa = PBXBuildFile; productRef = 0FE413792DAFDB9200769656 /* OpenAI */; };
		B33A68E22DB8734B008A7CE9 /* LangChain in Frameworks */ = {isa = PBXBuildFile; productRef = B33A68E12DB8734B008A7CE9 /* LangChain */; };
		B33A68FD2DB8C371008A7CE9 /* FactualAccuracy+CoreDataClass.swift in Sources */ = {isa = PBXBuildFile; fileRef = B33A68ED2DB8C371008A7CE9 /* FactualAccuracy+CoreDataClass.swift */; };
		B33A68FE2DB8C371008A7CE9 /* Overlaps+CoreDataClass.swift in Sources */ = {isa = PBXBuildFile; fileRef = B33A68F32DB8C371008A7CE9 /* Overlaps+CoreDataClass.swift */; };
		B33A68FF2DB8C371008A7CE9 /* SpeakerEvaluation+CoreDataProperties.swift in Sources */ = {isa = PBXBuildFile; fileRef = B33A68FA2DB8C371008A7CE9 /* SpeakerEvaluation+CoreDataProperties.swift */; };
		B33A69002DB8C371008A7CE9 /* IncorrectUsage+CoreDataClass.swift in Sources */ = {isa = PBXBuildFile; fileRef = B33A68EF2DB8C371008A7CE9 /* IncorrectUsage+CoreDataClass.swift */; };
		B33A69012DB8C371008A7CE9 /* SpeakingTime+CoreDataClass.swift in Sources */ = {isa = PBXBuildFile; fileRef = B33A68FB2DB8C371008A7CE9 /* SpeakingTime+CoreDataClass.swift */; };
		B33A69022DB8C371008A7CE9 /* Consistency+CoreDataProperties.swift in Sources */ = {isa = PBXBuildFile; fileRef = B33A68EA2DB8C371008A7CE9 /* Consistency+CoreDataProperties.swift */; };
		B33A69032DB8C371008A7CE9 /* Overlaps+CoreDataProperties.swift in Sources */ = {isa = PBXBuildFile; fileRef = B33A68F42DB8C371008A7CE9 /* Overlaps+CoreDataProperties.swift */; };
		B33A69042DB8C371008A7CE9 /* IncorrectUsageExamples+CoreDataClass.swift in Sources */ = {isa = PBXBuildFile; fileRef = B33A68F12DB8C371008A7CE9 /* IncorrectUsageExamples+CoreDataClass.swift */; };
		B33A69052DB8C371008A7CE9 /* DetailedTranscriptAnalysis+CoreDataProperties.swift in Sources */ = {isa = PBXBuildFile; fileRef = B33A68EC2DB8C371008A7CE9 /* DetailedTranscriptAnalysis+CoreDataProperties.swift */; };
		B33A69062DB8C371008A7CE9 /* IncorrectUsageExamples+CoreDataProperties.swift in Sources */ = {isa = PBXBuildFile; fileRef = B33A68F22DB8C371008A7CE9 /* IncorrectUsageExamples+CoreDataProperties.swift */; };
		B33A69072DB8C371008A7CE9 /* SentimentAnalysis+CoreDataClass.swift in Sources */ = {isa = PBXBuildFile; fileRef = B33A68F52DB8C371008A7CE9 /* SentimentAnalysis+CoreDataClass.swift */; };
		B33A69082DB8C371008A7CE9 /* SentimentExamples+CoreDataClass.swift in Sources */ = {isa = PBXBuildFile; fileRef = B33A68F72DB8C371008A7CE9 /* SentimentExamples+CoreDataClass.swift */; };
		B33A69092DB8C371008A7CE9 /* IncorrectUsage+CoreDataProperties.swift in Sources */ = {isa = PBXBuildFile; fileRef = B33A68F02DB8C371008A7CE9 /* IncorrectUsage+CoreDataProperties.swift */; };
		B33A690A2DB8C371008A7CE9 /* SpeakingTime+CoreDataProperties.swift in Sources */ = {isa = PBXBuildFile; fileRef = B33A68FC2DB8C371008A7CE9 /* SpeakingTime+CoreDataProperties.swift */; };
		B33A690B2DB8C371008A7CE9 /* DetailedTranscriptAnalysis+CoreDataClass.swift in Sources */ = {isa = PBXBuildFile; fileRef = B33A68EB2DB8C371008A7CE9 /* DetailedTranscriptAnalysis+CoreDataClass.swift */; };
		B33A690C2DB8C371008A7CE9 /* FactualAccuracy+CoreDataProperties.swift in Sources */ = {isa = PBXBuildFile; fileRef = B33A68EE2DB8C371008A7CE9 /* FactualAccuracy+CoreDataProperties.swift */; };
		B33A690D2DB8C371008A7CE9 /* SentimentAnalysis+CoreDataProperties.swift in Sources */ = {isa = PBXBuildFile; fileRef = B33A68F62DB8C371008A7CE9 /* SentimentAnalysis+CoreDataProperties.swift */; };
		B33A690E2DB8C371008A7CE9 /* SpeakerEvaluation+CoreDataClass.swift in Sources */ = {isa = PBXBuildFile; fileRef = B33A68F92DB8C371008A7CE9 /* SpeakerEvaluation+CoreDataClass.swift */; };
		B33A690F2DB8C371008A7CE9 /* SentimentExamples+CoreDataProperties.swift in Sources */ = {isa = PBXBuildFile; fileRef = B33A68F82DB8C371008A7CE9 /* SentimentExamples+CoreDataProperties.swift */; };
		B33A69102DB8C371008A7CE9 /* Consistency+CoreDataClass.swift in Sources */ = {isa = PBXBuildFile; fileRef = B33A68E92DB8C371008A7CE9 /* Consistency+CoreDataClass.swift */; };
		B3A44E0D2DA4CA2200C4872D /* Alamofire in Frameworks */ = {isa = PBXBuildFile; productRef = B3A44E0C2DA4CA2200C4872D /* Alamofire */; };
		B3A44E102DA4CA2F00C4872D /* SnapKit in Frameworks */ = {isa = PBXBuildFile; productRef = B3A44E0F2DA4CA2F00C4872D /* SnapKit */; };
/* End PBXBuildFile section */

/* Begin PBXFileReference section */
		0F63E9592DB0E41600C30C54 /* Analysis+CoreDataProperties.swift */ = {isa = PBXFileReference; lastKnownFileType = sourcecode.swift; name = "Analysis+CoreDataProperties.swift"; path = "ConDemo/CoreData/Analysis+CoreDataProperties.swift"; sourceTree = "<group>"; };
		0F63E95A2DB0E41600C30C54 /* Log+CoreDataProperties.swift */ = {isa = PBXFileReference; lastKnownFileType = sourcecode.swift; name = "Log+CoreDataProperties.swift"; path = "ConDemo/CoreData/Log+CoreDataProperties.swift"; sourceTree = "<group>"; };
		0F63E95B2DB0E41600C30C54 /* Message+CoreDataProperties.swift */ = {isa = PBXFileReference; lastKnownFileType = sourcecode.swift; name = "Message+CoreDataProperties.swift"; path = "ConDemo/CoreData/Message+CoreDataProperties.swift"; sourceTree = "<group>"; };
		0F63E95C2DB0E41600C30C54 /* Poll+CoreDataProperties.swift */ = {isa = PBXFileReference; lastKnownFileType = sourcecode.swift; name = "Poll+CoreDataProperties.swift"; path = "ConDemo/CoreData/Poll+CoreDataProperties.swift"; sourceTree = "<group>"; };
		0F63E95D2DB0E41600C30C54 /* Summary+CoreDataProperties.swift */ = {isa = PBXFileReference; lastKnownFileType = sourcecode.swift; name = "Summary+CoreDataProperties.swift"; path = "ConDemo/CoreData/Summary+CoreDataProperties.swift"; sourceTree = "<group>"; };
		B33A68E92DB8C371008A7CE9 /* Consistency+CoreDataClass.swift */ = {isa = PBXFileReference; lastKnownFileType = sourcecode.swift; name = "Consistency+CoreDataClass.swift"; path = "ConDemo/CoreData/Consistency+CoreDataClass.swift"; sourceTree = "<group>"; };
		B33A68EA2DB8C371008A7CE9 /* Consistency+CoreDataProperties.swift */ = {isa = PBXFileReference; lastKnownFileType = sourcecode.swift; name = "Consistency+CoreDataProperties.swift"; path = "ConDemo/CoreData/Consistency+CoreDataProperties.swift"; sourceTree = "<group>"; };
		B33A68EB2DB8C371008A7CE9 /* DetailedTranscriptAnalysis+CoreDataClass.swift */ = {isa = PBXFileReference; lastKnownFileType = sourcecode.swift; name = "DetailedTranscriptAnalysis+CoreDataClass.swift"; path = "ConDemo/CoreData/DetailedTranscriptAnalysis+CoreDataClass.swift"; sourceTree = "<group>"; };
		B33A68EC2DB8C371008A7CE9 /* DetailedTranscriptAnalysis+CoreDataProperties.swift */ = {isa = PBXFileReference; lastKnownFileType = sourcecode.swift; name = "DetailedTranscriptAnalysis+CoreDataProperties.swift"; path = "ConDemo/CoreData/DetailedTranscriptAnalysis+CoreDataProperties.swift"; sourceTree = "<group>"; };
		B33A68ED2DB8C371008A7CE9 /* FactualAccuracy+CoreDataClass.swift */ = {isa = PBXFileReference; lastKnownFileType = sourcecode.swift; name = "FactualAccuracy+CoreDataClass.swift"; path = "ConDemo/CoreData/FactualAccuracy+CoreDataClass.swift"; sourceTree = "<group>"; };
		B33A68EE2DB8C371008A7CE9 /* FactualAccuracy+CoreDataProperties.swift */ = {isa = PBXFileReference; lastKnownFileType = sourcecode.swift; name = "FactualAccuracy+CoreDataProperties.swift"; path = "ConDemo/CoreData/FactualAccuracy+CoreDataProperties.swift"; sourceTree = "<group>"; };
		B33A68EF2DB8C371008A7CE9 /* IncorrectUsage+CoreDataClass.swift */ = {isa = PBXFileReference; lastKnownFileType = sourcecode.swift; name = "IncorrectUsage+CoreDataClass.swift"; path = "ConDemo/CoreData/IncorrectUsage+CoreDataClass.swift"; sourceTree = "<group>"; };
		B33A68F02DB8C371008A7CE9 /* IncorrectUsage+CoreDataProperties.swift */ = {isa = PBXFileReference; lastKnownFileType = sourcecode.swift; name = "IncorrectUsage+CoreDataProperties.swift"; path = "ConDemo/CoreData/IncorrectUsage+CoreDataProperties.swift"; sourceTree = "<group>"; };
		B33A68F12DB8C371008A7CE9 /* IncorrectUsageExamples+CoreDataClass.swift */ = {isa = PBXFileReference; lastKnownFileType = sourcecode.swift; name = "IncorrectUsageExamples+CoreDataClass.swift"; path = "ConDemo/CoreData/IncorrectUsageExamples+CoreDataClass.swift"; sourceTree = "<group>"; };
		B33A68F22DB8C371008A7CE9 /* IncorrectUsageExamples+CoreDataProperties.swift */ = {isa = PBXFileReference; lastKnownFileType = sourcecode.swift; name = "IncorrectUsageExamples+CoreDataProperties.swift"; path = "ConDemo/CoreData/IncorrectUsageExamples+CoreDataProperties.swift"; sourceTree = "<group>"; };
		B33A68F32DB8C371008A7CE9 /* Overlaps+CoreDataClass.swift */ = {isa = PBXFileReference; lastKnownFileType = sourcecode.swift; name = "Overlaps+CoreDataClass.swift"; path = "ConDemo/CoreData/Overlaps+CoreDataClass.swift"; sourceTree = "<group>"; };
		B33A68F42DB8C371008A7CE9 /* Overlaps+CoreDataProperties.swift */ = {isa = PBXFileReference; lastKnownFileType = sourcecode.swift; name = "Overlaps+CoreDataProperties.swift"; path = "ConDemo/CoreData/Overlaps+CoreDataProperties.swift"; sourceTree = "<group>"; };
		B33A68F52DB8C371008A7CE9 /* SentimentAnalysis+CoreDataClass.swift */ = {isa = PBXFileReference; lastKnownFileType = sourcecode.swift; name = "SentimentAnalysis+CoreDataClass.swift"; path = "ConDemo/CoreData/SentimentAnalysis+CoreDataClass.swift"; sourceTree = "<group>"; };
		B33A68F62DB8C371008A7CE9 /* SentimentAnalysis+CoreDataProperties.swift */ = {isa = PBXFileReference; lastKnownFileType = sourcecode.swift; name = "SentimentAnalysis+CoreDataProperties.swift"; path = "ConDemo/CoreData/SentimentAnalysis+CoreDataProperties.swift"; sourceTree = "<group>"; };
		B33A68F72DB8C371008A7CE9 /* SentimentExamples+CoreDataClass.swift */ = {isa = PBXFileReference; lastKnownFileType = sourcecode.swift; name = "SentimentExamples+CoreDataClass.swift"; path = "ConDemo/CoreData/SentimentExamples+CoreDataClass.swift"; sourceTree = "<group>"; };
		B33A68F82DB8C371008A7CE9 /* SentimentExamples+CoreDataProperties.swift */ = {isa = PBXFileReference; lastKnownFileType = sourcecode.swift; name = "SentimentExamples+CoreDataProperties.swift"; path = "ConDemo/CoreData/SentimentExamples+CoreDataProperties.swift"; sourceTree = "<group>"; };
		B33A68F92DB8C371008A7CE9 /* SpeakerEvaluation+CoreDataClass.swift */ = {isa = PBXFileReference; lastKnownFileType = sourcecode.swift; name = "SpeakerEvaluation+CoreDataClass.swift"; path = "ConDemo/CoreData/SpeakerEvaluation+CoreDataClass.swift"; sourceTree = "<group>"; };
		B33A68FA2DB8C371008A7CE9 /* SpeakerEvaluation+CoreDataProperties.swift */ = {isa = PBXFileReference; lastKnownFileType = sourcecode.swift; name = "SpeakerEvaluation+CoreDataProperties.swift"; path = "ConDemo/CoreData/SpeakerEvaluation+CoreDataProperties.swift"; sourceTree = "<group>"; };
		B33A68FB2DB8C371008A7CE9 /* SpeakingTime+CoreDataClass.swift */ = {isa = PBXFileReference; lastKnownFileType = sourcecode.swift; name = "SpeakingTime+CoreDataClass.swift"; path = "ConDemo/CoreData/SpeakingTime+CoreDataClass.swift"; sourceTree = "<group>"; };
		B33A68FC2DB8C371008A7CE9 /* SpeakingTime+CoreDataProperties.swift */ = {isa = PBXFileReference; lastKnownFileType = sourcecode.swift; name = "SpeakingTime+CoreDataProperties.swift"; path = "ConDemo/CoreData/SpeakingTime+CoreDataProperties.swift"; sourceTree = "<group>"; };
		B3A44DEE2DA4C37500C4872D /* ConDemo.app */ = {isa = PBXFileReference; explicitFileType = wrapper.application; includeInIndex = 0; path = ConDemo.app; sourceTree = BUILT_PRODUCTS_DIR; };
/* End PBXFileReference section */

/* Begin PBXFileSystemSynchronizedBuildFileExceptionSet section */
		B3A44E032DA4C37600C4872D /* Exceptions for "ConDemo" folder in "ConDemo" target */ = {
			isa = PBXFileSystemSynchronizedBuildFileExceptionSet;
			membershipExceptions = (
				App/Info.plist,
			);
			target = B3A44DED2DA4C37500C4872D /* ConDemo */;
		};
/* End PBXFileSystemSynchronizedBuildFileExceptionSet section */

/* Begin PBXFileSystemSynchronizedRootGroup section */
		B3A44DF02DA4C37500C4872D /* ConDemo */ = {
			isa = PBXFileSystemSynchronizedRootGroup;
			exceptions = (
				B3A44E032DA4C37600C4872D /* Exceptions for "ConDemo" folder in "ConDemo" target */,
			);
			path = ConDemo;
			sourceTree = "<group>";
		};
/* End PBXFileSystemSynchronizedRootGroup section */

/* Begin PBXFrameworksBuildPhase section */
		B3A44DEB2DA4C37500C4872D /* Frameworks */ = {
			isa = PBXFrameworksBuildPhase;
			buildActionMask = 2147483647;
			files = (
				0F6AF8752DB87BEE003B6735 /* DGCharts in Frameworks */,
				0F4313BF2DAE06AF00BD796F /* AWSS3 in Frameworks */,
				B3A44E0D2DA4CA2200C4872D /* Alamofire in Frameworks */,
				0F1F8F822DACA066009730B2 /* AWSTranscribeStreaming in Frameworks */,
				0F43132B2DADFA0800BD796F /* AWSTranscribe in Frameworks */,
				0FE4137A2DAFDB9200769656 /* OpenAI in Frameworks */,
				0F1F90142DACAA4D009730B2 /* ArgumentParser in Frameworks */,
				B33A68E22DB8734B008A7CE9 /* LangChain in Frameworks */,
				B3A44E102DA4CA2F00C4872D /* SnapKit in Frameworks */,
			);
			runOnlyForDeploymentPostprocessing = 0;
		};
/* End PBXFrameworksBuildPhase section */

/* Begin PBXGroup section */
		B3A44DE52DA4C37400C4872D = {
			isa = PBXGroup;
			children = (
				B33A68E92DB8C371008A7CE9 /* Consistency+CoreDataClass.swift */,
				B33A68EA2DB8C371008A7CE9 /* Consistency+CoreDataProperties.swift */,
				B33A68EB2DB8C371008A7CE9 /* DetailedTranscriptAnalysis+CoreDataClass.swift */,
				B33A68EC2DB8C371008A7CE9 /* DetailedTranscriptAnalysis+CoreDataProperties.swift */,
				B33A68ED2DB8C371008A7CE9 /* FactualAccuracy+CoreDataClass.swift */,
				B33A68EE2DB8C371008A7CE9 /* FactualAccuracy+CoreDataProperties.swift */,
				B33A68EF2DB8C371008A7CE9 /* IncorrectUsage+CoreDataClass.swift */,
				B33A68F02DB8C371008A7CE9 /* IncorrectUsage+CoreDataProperties.swift */,
				B33A68F12DB8C371008A7CE9 /* IncorrectUsageExamples+CoreDataClass.swift */,
				B33A68F22DB8C371008A7CE9 /* IncorrectUsageExamples+CoreDataProperties.swift */,
				B33A68F32DB8C371008A7CE9 /* Overlaps+CoreDataClass.swift */,
				B33A68F42DB8C371008A7CE9 /* Overlaps+CoreDataProperties.swift */,
				B33A68F52DB8C371008A7CE9 /* SentimentAnalysis+CoreDataClass.swift */,
				B33A68F62DB8C371008A7CE9 /* SentimentAnalysis+CoreDataProperties.swift */,
				B33A68F72DB8C371008A7CE9 /* SentimentExamples+CoreDataClass.swift */,
				B33A68F82DB8C371008A7CE9 /* SentimentExamples+CoreDataProperties.swift */,
				B33A68F92DB8C371008A7CE9 /* SpeakerEvaluation+CoreDataClass.swift */,
				B33A68FA2DB8C371008A7CE9 /* SpeakerEvaluation+CoreDataProperties.swift */,
				B33A68FB2DB8C371008A7CE9 /* SpeakingTime+CoreDataClass.swift */,
				B33A68FC2DB8C371008A7CE9 /* SpeakingTime+CoreDataProperties.swift */,
				0F63E9592DB0E41600C30C54 /* Analysis+CoreDataProperties.swift */,
				0F63E95A2DB0E41600C30C54 /* Log+CoreDataProperties.swift */,
				0F63E95B2DB0E41600C30C54 /* Message+CoreDataProperties.swift */,
				0F63E95C2DB0E41600C30C54 /* Poll+CoreDataProperties.swift */,
				0F63E95D2DB0E41600C30C54 /* Summary+CoreDataProperties.swift */,
				B3A44DF02DA4C37500C4872D /* ConDemo */,
				B3A44DEF2DA4C37500C4872D /* Products */,
			);
			sourceTree = "<group>";
		};
		B3A44DEF2DA4C37500C4872D /* Products */ = {
			isa = PBXGroup;
			children = (
				B3A44DEE2DA4C37500C4872D /* ConDemo.app */,
			);
			name = Products;
			sourceTree = "<group>";
		};
/* End PBXGroup section */

/* Begin PBXNativeTarget section */
		B3A44DED2DA4C37500C4872D /* ConDemo */ = {
			isa = PBXNativeTarget;
			buildConfigurationList = B3A44E042DA4C37600C4872D /* Build configuration list for PBXNativeTarget "ConDemo" */;
			buildPhases = (
				0F6B420C2DA4C8A600BE9AF7 /* ShellScript */,
				B3A44DEA2DA4C37500C4872D /* Sources */,
				B3A44DEB2DA4C37500C4872D /* Frameworks */,
				B3A44DEC2DA4C37500C4872D /* Resources */,
			);
			buildRules = (
			);
			dependencies = (
			);
			fileSystemSynchronizedGroups = (
				B3A44DF02DA4C37500C4872D /* ConDemo */,
			);
			name = ConDemo;
			packageProductDependencies = (
				B3A44E0C2DA4CA2200C4872D /* Alamofire */,
				B3A44E0F2DA4CA2F00C4872D /* SnapKit */,
				0F1F8F812DACA066009730B2 /* AWSTranscribeStreaming */,
				0F1F90132DACAA4D009730B2 /* ArgumentParser */,
				0F43132A2DADFA0800BD796F /* AWSTranscribe */,
				0F4313BE2DAE06AF00BD796F /* AWSS3 */,
				0FE413792DAFDB9200769656 /* OpenAI */,
				B33A68E12DB8734B008A7CE9 /* LangChain */,
				0F6AF8742DB87BEE003B6735 /* DGCharts */,
			);
			productName = ConDemo;
			productReference = B3A44DEE2DA4C37500C4872D /* ConDemo.app */;
			productType = "com.apple.product-type.application";
		};
/* End PBXNativeTarget section */

/* Begin PBXProject section */
		B3A44DE62DA4C37400C4872D /* Project object */ = {
			isa = PBXProject;
			attributes = {
				BuildIndependentTargetsInParallel = 1;
				LastSwiftUpdateCheck = 1610;
				LastUpgradeCheck = 1610;
				TargetAttributes = {
					B3A44DED2DA4C37500C4872D = {
						CreatedOnToolsVersion = 16.1;
					};
				};
			};
			buildConfigurationList = B3A44DE92DA4C37400C4872D /* Build configuration list for PBXProject "ConDemo" */;
			developmentRegion = en;
			hasScannedForEncodings = 0;
			knownRegions = (
				en,
				Base,
			);
			mainGroup = B3A44DE52DA4C37400C4872D;
			minimizedProjectReferenceProxies = 1;
			packageReferences = (
				B3A44E0B2DA4CA2200C4872D /* XCRemoteSwiftPackageReference "Alamofire" */,
				B3A44E0E2DA4CA2F00C4872D /* XCRemoteSwiftPackageReference "SnapKit" */,
				0F1F8F802DACA066009730B2 /* XCRemoteSwiftPackageReference "aws-sdk-swift" */,
				0F1F90122DACAA4D009730B2 /* XCRemoteSwiftPackageReference "swift-argument-parser" */,
				0FE413782DAFDB9200769656 /* XCRemoteSwiftPackageReference "OpenAI" */,
				B33A68E02DB8734B008A7CE9 /* XCRemoteSwiftPackageReference "langchain-swift" */,
				0F6AF8732DB87BEE003B6735 /* XCRemoteSwiftPackageReference "Charts" */,
			);
			preferredProjectObjectVersion = 77;
			productRefGroup = B3A44DEF2DA4C37500C4872D /* Products */;
			projectDirPath = "";
			projectRoot = "";
			targets = (
				B3A44DED2DA4C37500C4872D /* ConDemo */,
			);
		};
/* End PBXProject section */

/* Begin PBXResourcesBuildPhase section */
		B3A44DEC2DA4C37500C4872D /* Resources */ = {
			isa = PBXResourcesBuildPhase;
			buildActionMask = 2147483647;
			files = (
			);
			runOnlyForDeploymentPostprocessing = 0;
		};
/* End PBXResourcesBuildPhase section */

/* Begin PBXShellScriptBuildPhase section */
		0F6B420C2DA4C8A600BE9AF7 /* ShellScript */ = {
			isa = PBXShellScriptBuildPhase;
			buildActionMask = 12;
			files = (
			);
			inputFileListPaths = (
			);
			inputPaths = (
			);
			outputFileListPaths = (
			);
			outputPaths = (
			);
			runOnlyForDeploymentPostprocessing = 0;
			shellPath = /bin/sh;
			shellScript = "# Type a script or drag a script file from your workspace to insert its path.\nif which swiftformat >/dev/null; then\n  swiftformat \"$SRCROOT\"\nelse\n  echo \"warning: SwiftFormat not installed, download from https://github.com/nicklockwood/SwiftFormat\"\nfi\n";
		};
/* End PBXShellScriptBuildPhase section */

/* Begin PBXSourcesBuildPhase section */
		B3A44DEA2DA4C37500C4872D /* Sources */ = {
			isa = PBXSourcesBuildPhase;
			buildActionMask = 2147483647;
			files = (
				0F63E95E2DB0E41600C30C54 /* Log+CoreDataProperties.swift in Sources */,
				B33A68FD2DB8C371008A7CE9 /* FactualAccuracy+CoreDataClass.swift in Sources */,
				B33A68FE2DB8C371008A7CE9 /* Overlaps+CoreDataClass.swift in Sources */,
				B33A68FF2DB8C371008A7CE9 /* SpeakerEvaluation+CoreDataProperties.swift in Sources */,
				B33A69002DB8C371008A7CE9 /* IncorrectUsage+CoreDataClass.swift in Sources */,
				B33A69012DB8C371008A7CE9 /* SpeakingTime+CoreDataClass.swift in Sources */,
				B33A69022DB8C371008A7CE9 /* Consistency+CoreDataProperties.swift in Sources */,
				B33A69032DB8C371008A7CE9 /* Overlaps+CoreDataProperties.swift in Sources */,
				B33A69042DB8C371008A7CE9 /* IncorrectUsageExamples+CoreDataClass.swift in Sources */,
				B33A69052DB8C371008A7CE9 /* DetailedTranscriptAnalysis+CoreDataProperties.swift in Sources */,
				B33A69062DB8C371008A7CE9 /* IncorrectUsageExamples+CoreDataProperties.swift in Sources */,
				B33A69072DB8C371008A7CE9 /* SentimentAnalysis+CoreDataClass.swift in Sources */,
				B33A69082DB8C371008A7CE9 /* SentimentExamples+CoreDataClass.swift in Sources */,
				B33A69092DB8C371008A7CE9 /* IncorrectUsage+CoreDataProperties.swift in Sources */,
				B33A690A2DB8C371008A7CE9 /* SpeakingTime+CoreDataProperties.swift in Sources */,
				B33A690B2DB8C371008A7CE9 /* DetailedTranscriptAnalysis+CoreDataClass.swift in Sources */,
				B33A690C2DB8C371008A7CE9 /* FactualAccuracy+CoreDataProperties.swift in Sources */,
				B33A690D2DB8C371008A7CE9 /* SentimentAnalysis+CoreDataProperties.swift in Sources */,
				B33A690E2DB8C371008A7CE9 /* SpeakerEvaluation+CoreDataClass.swift in Sources */,
				B33A690F2DB8C371008A7CE9 /* SentimentExamples+CoreDataProperties.swift in Sources */,
				B33A69102DB8C371008A7CE9 /* Consistency+CoreDataClass.swift in Sources */,
				0F63E95F2DB0E41600C30C54 /* Analysis+CoreDataProperties.swift in Sources */,
				0F63E9602DB0E41600C30C54 /* Poll+CoreDataProperties.swift in Sources */,
				0F63E9612DB0E41600C30C54 /* Summary+CoreDataProperties.swift in Sources */,
				0F63E9622DB0E41600C30C54 /* Message+CoreDataProperties.swift in Sources */,
			);
			runOnlyForDeploymentPostprocessing = 0;
		};
/* End PBXSourcesBuildPhase section */

/* Begin XCBuildConfiguration section */
		B3A44E052DA4C37600C4872D /* Debug */ = {
			isa = XCBuildConfiguration;
			baseConfigurationReferenceAnchor = B3A44DF02DA4C37500C4872D /* ConDemo */;
			baseConfigurationReferenceRelativePath = Config.xcconfig;
			buildSettings = {
				ASSETCATALOG_COMPILER_APPICON_NAME = AppIcon;
				ASSETCATALOG_COMPILER_GLOBAL_ACCENT_COLOR_NAME = AccentColor;
				CODE_SIGN_STYLE = Automatic;
				CURRENT_PROJECT_VERSION = 1;
				DEVELOPMENT_TEAM = 5KGCPRX2P8;
				GENERATE_INFOPLIST_FILE = YES;
				INFOPLIST_FILE = ConDemo/App/Info.plist;
				INFOPLIST_KEY_CFBundleDisplayName = OurVoices;
				INFOPLIST_KEY_UIApplicationSupportsIndirectInputEvents = YES;
				INFOPLIST_KEY_UILaunchStoryboardName = LaunchScreen;
				INFOPLIST_KEY_UISupportedInterfaceOrientations = UIInterfaceOrientationPortrait;
				INFOPLIST_KEY_UISupportedInterfaceOrientations_iPad = "UIInterfaceOrientationLandscapeLeft UIInterfaceOrientationLandscapeRight UIInterfaceOrientationPortrait UIInterfaceOrientationPortraitUpsideDown";
				IPHONEOS_DEPLOYMENT_TARGET = 16;
				LD_RUNPATH_SEARCH_PATHS = (
					"$(inherited)",
					"@executable_path/Frameworks",
				);
				MARKETING_VERSION = 1.0;
				PRODUCT_BUNDLE_IDENTIFIER = com.soy.ConDemo;
				PRODUCT_NAME = "$(TARGET_NAME)";
				SUPPORTED_PLATFORMS = "iphoneos iphonesimulator";
				SUPPORTS_MACCATALYST = NO;
				SUPPORTS_MAC_DESIGNED_FOR_IPHONE_IPAD = NO;
				SUPPORTS_XR_DESIGNED_FOR_IPHONE_IPAD = NO;
				SWIFT_EMIT_LOC_STRINGS = YES;
				SWIFT_VERSION = 5.0;
				TARGETED_DEVICE_FAMILY = 1;
			};
			name = Debug;
		};
		B3A44E062DA4C37600C4872D /* Release */ = {
			isa = XCBuildConfiguration;
			baseConfigurationReferenceAnchor = B3A44DF02DA4C37500C4872D /* ConDemo */;
			baseConfigurationReferenceRelativePath = App/Config.xcconfig;
			buildSettings = {
				ASSETCATALOG_COMPILER_APPICON_NAME = AppIcon;
				ASSETCATALOG_COMPILER_GLOBAL_ACCENT_COLOR_NAME = AccentColor;
				CODE_SIGN_STYLE = Automatic;
				CURRENT_PROJECT_VERSION = 1;
				DEVELOPMENT_TEAM = 5KGCPRX2P8;
				GENERATE_INFOPLIST_FILE = YES;
				INFOPLIST_FILE = ConDemo/App/Info.plist;
				INFOPLIST_KEY_CFBundleDisplayName = OurVoices;
				INFOPLIST_KEY_UIApplicationSupportsIndirectInputEvents = YES;
				INFOPLIST_KEY_UILaunchStoryboardName = LaunchScreen;
				INFOPLIST_KEY_UISupportedInterfaceOrientations = UIInterfaceOrientationPortrait;
				INFOPLIST_KEY_UISupportedInterfaceOrientations_iPad = "UIInterfaceOrientationLandscapeLeft UIInterfaceOrientationLandscapeRight UIInterfaceOrientationPortrait UIInterfaceOrientationPortraitUpsideDown";
				IPHONEOS_DEPLOYMENT_TARGET = 16;
				LD_RUNPATH_SEARCH_PATHS = (
					"$(inherited)",
					"@executable_path/Frameworks",
				);
				MARKETING_VERSION = 1.0;
				PRODUCT_BUNDLE_IDENTIFIER = com.soy.ConDemo;
				PRODUCT_NAME = "$(TARGET_NAME)";
				SUPPORTED_PLATFORMS = "iphoneos iphonesimulator";
				SUPPORTS_MACCATALYST = NO;
				SUPPORTS_MAC_DESIGNED_FOR_IPHONE_IPAD = NO;
				SUPPORTS_XR_DESIGNED_FOR_IPHONE_IPAD = NO;
				SWIFT_EMIT_LOC_STRINGS = YES;
				SWIFT_VERSION = 5.0;
				TARGETED_DEVICE_FAMILY = 1;
			};
			name = Release;
		};
		B3A44E072DA4C37600C4872D /* Debug */ = {
			isa = XCBuildConfiguration;
			baseConfigurationReferenceAnchor = B3A44DF02DA4C37500C4872D /* ConDemo */;
			baseConfigurationReferenceRelativePath = Config.xcconfig;
			buildSettings = {
				ALWAYS_SEARCH_USER_PATHS = NO;
				ASSETCATALOG_COMPILER_GENERATE_SWIFT_ASSET_SYMBOL_EXTENSIONS = YES;
				CLANG_ANALYZER_NONNULL = YES;
				CLANG_ANALYZER_NUMBER_OBJECT_CONVERSION = YES_AGGRESSIVE;
				CLANG_CXX_LANGUAGE_STANDARD = "gnu++20";
				CLANG_ENABLE_MODULES = YES;
				CLANG_ENABLE_OBJC_ARC = YES;
				CLANG_ENABLE_OBJC_WEAK = YES;
				CLANG_WARN_BLOCK_CAPTURE_AUTORELEASING = YES;
				CLANG_WARN_BOOL_CONVERSION = YES;
				CLANG_WARN_COMMA = YES;
				CLANG_WARN_CONSTANT_CONVERSION = YES;
				CLANG_WARN_DEPRECATED_OBJC_IMPLEMENTATIONS = YES;
				CLANG_WARN_DIRECT_OBJC_ISA_USAGE = YES_ERROR;
				CLANG_WARN_DOCUMENTATION_COMMENTS = YES;
				CLANG_WARN_EMPTY_BODY = YES;
				CLANG_WARN_ENUM_CONVERSION = YES;
				CLANG_WARN_INFINITE_RECURSION = YES;
				CLANG_WARN_INT_CONVERSION = YES;
				CLANG_WARN_NON_LITERAL_NULL_CONVERSION = YES;
				CLANG_WARN_OBJC_IMPLICIT_RETAIN_SELF = YES;
				CLANG_WARN_OBJC_LITERAL_CONVERSION = YES;
				CLANG_WARN_OBJC_ROOT_CLASS = YES_ERROR;
				CLANG_WARN_QUOTED_INCLUDE_IN_FRAMEWORK_HEADER = YES;
				CLANG_WARN_RANGE_LOOP_ANALYSIS = YES;
				CLANG_WARN_STRICT_PROTOTYPES = YES;
				CLANG_WARN_SUSPICIOUS_MOVE = YES;
				CLANG_WARN_UNGUARDED_AVAILABILITY = YES_AGGRESSIVE;
				CLANG_WARN_UNREACHABLE_CODE = YES;
				CLANG_WARN__DUPLICATE_METHOD_MATCH = YES;
				COPY_PHASE_STRIP = NO;
				DEBUG_INFORMATION_FORMAT = dwarf;
				ENABLE_STRICT_OBJC_MSGSEND = YES;
				ENABLE_TESTABILITY = YES;
				ENABLE_USER_SCRIPT_SANDBOXING = YES;
				GCC_C_LANGUAGE_STANDARD = gnu17;
				GCC_DYNAMIC_NO_PIC = NO;
				GCC_NO_COMMON_BLOCKS = YES;
				GCC_OPTIMIZATION_LEVEL = 0;
				GCC_PREPROCESSOR_DEFINITIONS = (
					"DEBUG=1",
					"$(inherited)",
				);
				GCC_WARN_64_TO_32_BIT_CONVERSION = YES;
				GCC_WARN_ABOUT_RETURN_TYPE = YES_ERROR;
				GCC_WARN_UNDECLARED_SELECTOR = YES;
				GCC_WARN_UNINITIALIZED_AUTOS = YES_AGGRESSIVE;
				GCC_WARN_UNUSED_FUNCTION = YES;
				GCC_WARN_UNUSED_VARIABLE = YES;
				IPHONEOS_DEPLOYMENT_TARGET = 18.1;
				LOCALIZATION_PREFERS_STRING_CATALOGS = YES;
				MTL_ENABLE_DEBUG_INFO = INCLUDE_SOURCE;
				MTL_FAST_MATH = YES;
				ONLY_ACTIVE_ARCH = YES;
				SDKROOT = iphoneos;
				SWIFT_ACTIVE_COMPILATION_CONDITIONS = "DEBUG $(inherited)";
				SWIFT_OPTIMIZATION_LEVEL = "-Onone";
			};
			name = Debug;
		};
		B3A44E082DA4C37600C4872D /* Release */ = {
			isa = XCBuildConfiguration;
			baseConfigurationReferenceAnchor = B3A44DF02DA4C37500C4872D /* ConDemo */;
			baseConfigurationReferenceRelativePath = App/Config.xcconfig;
			buildSettings = {
				ALWAYS_SEARCH_USER_PATHS = NO;
				ASSETCATALOG_COMPILER_GENERATE_SWIFT_ASSET_SYMBOL_EXTENSIONS = YES;
				CLANG_ANALYZER_NONNULL = YES;
				CLANG_ANALYZER_NUMBER_OBJECT_CONVERSION = YES_AGGRESSIVE;
				CLANG_CXX_LANGUAGE_STANDARD = "gnu++20";
				CLANG_ENABLE_MODULES = YES;
				CLANG_ENABLE_OBJC_ARC = YES;
				CLANG_ENABLE_OBJC_WEAK = YES;
				CLANG_WARN_BLOCK_CAPTURE_AUTORELEASING = YES;
				CLANG_WARN_BOOL_CONVERSION = YES;
				CLANG_WARN_COMMA = YES;
				CLANG_WARN_CONSTANT_CONVERSION = YES;
				CLANG_WARN_DEPRECATED_OBJC_IMPLEMENTATIONS = YES;
				CLANG_WARN_DIRECT_OBJC_ISA_USAGE = YES_ERROR;
				CLANG_WARN_DOCUMENTATION_COMMENTS = YES;
				CLANG_WARN_EMPTY_BODY = YES;
				CLANG_WARN_ENUM_CONVERSION = YES;
				CLANG_WARN_INFINITE_RECURSION = YES;
				CLANG_WARN_INT_CONVERSION = YES;
				CLANG_WARN_NON_LITERAL_NULL_CONVERSION = YES;
				CLANG_WARN_OBJC_IMPLICIT_RETAIN_SELF = YES;
				CLANG_WARN_OBJC_LITERAL_CONVERSION = YES;
				CLANG_WARN_OBJC_ROOT_CLASS = YES_ERROR;
				CLANG_WARN_QUOTED_INCLUDE_IN_FRAMEWORK_HEADER = YES;
				CLANG_WARN_RANGE_LOOP_ANALYSIS = YES;
				CLANG_WARN_STRICT_PROTOTYPES = YES;
				CLANG_WARN_SUSPICIOUS_MOVE = YES;
				CLANG_WARN_UNGUARDED_AVAILABILITY = YES_AGGRESSIVE;
				CLANG_WARN_UNREACHABLE_CODE = YES;
				CLANG_WARN__DUPLICATE_METHOD_MATCH = YES;
				COPY_PHASE_STRIP = NO;
				DEBUG_INFORMATION_FORMAT = "dwarf-with-dsym";
				ENABLE_NS_ASSERTIONS = NO;
				ENABLE_STRICT_OBJC_MSGSEND = YES;
				ENABLE_USER_SCRIPT_SANDBOXING = YES;
				GCC_C_LANGUAGE_STANDARD = gnu17;
				GCC_NO_COMMON_BLOCKS = YES;
				GCC_WARN_64_TO_32_BIT_CONVERSION = YES;
				GCC_WARN_ABOUT_RETURN_TYPE = YES_ERROR;
				GCC_WARN_UNDECLARED_SELECTOR = YES;
				GCC_WARN_UNINITIALIZED_AUTOS = YES_AGGRESSIVE;
				GCC_WARN_UNUSED_FUNCTION = YES;
				GCC_WARN_UNUSED_VARIABLE = YES;
				IPHONEOS_DEPLOYMENT_TARGET = 18.1;
				LOCALIZATION_PREFERS_STRING_CATALOGS = YES;
				MTL_ENABLE_DEBUG_INFO = NO;
				MTL_FAST_MATH = YES;
				SDKROOT = iphoneos;
				SWIFT_COMPILATION_MODE = wholemodule;
				VALIDATE_PRODUCT = YES;
			};
			name = Release;
		};
/* End XCBuildConfiguration section */

/* Begin XCConfigurationList section */
		B3A44DE92DA4C37400C4872D /* Build configuration list for PBXProject "ConDemo" */ = {
			isa = XCConfigurationList;
			buildConfigurations = (
				B3A44E072DA4C37600C4872D /* Debug */,
				B3A44E082DA4C37600C4872D /* Release */,
			);
			defaultConfigurationIsVisible = 0;
			defaultConfigurationName = Release;
		};
		B3A44E042DA4C37600C4872D /* Build configuration list for PBXNativeTarget "ConDemo" */ = {
			isa = XCConfigurationList;
			buildConfigurations = (
				B3A44E052DA4C37600C4872D /* Debug */,
				B3A44E062DA4C37600C4872D /* Release */,
			);
			defaultConfigurationIsVisible = 0;
			defaultConfigurationName = Release;
		};
/* End XCConfigurationList section */

/* Begin XCRemoteSwiftPackageReference section */
		0F1F8F802DACA066009730B2 /* XCRemoteSwiftPackageReference "aws-sdk-swift" */ = {
			isa = XCRemoteSwiftPackageReference;
			repositoryURL = "https://github.com/awslabs/aws-sdk-swift.git";
			requirement = {
				kind = upToNextMajorVersion;
				minimumVersion = 1.2.58;
			};
		};
		0F1F90122DACAA4D009730B2 /* XCRemoteSwiftPackageReference "swift-argument-parser" */ = {
			isa = XCRemoteSwiftPackageReference;
			repositoryURL = "https://github.com/apple/swift-argument-parser.git";
			requirement = {
				kind = upToNextMajorVersion;
				minimumVersion = 1.5.0;
			};
		};
		0F6AF8732DB87BEE003B6735 /* XCRemoteSwiftPackageReference "Charts" */ = {
			isa = XCRemoteSwiftPackageReference;
			repositoryURL = "https://github.com/danielgindi/Charts.git";
			requirement = {
				kind = upToNextMajorVersion;
				minimumVersion = 5.1.0;
			};
		};
		0FE413782DAFDB9200769656 /* XCRemoteSwiftPackageReference "OpenAI" */ = {
			isa = XCRemoteSwiftPackageReference;
			repositoryURL = "https://github.com/MacPaw/OpenAI";
			requirement = {
				kind = upToNextMajorVersion;
				minimumVersion = 0.4.1;
			};
		};
		B33A68E02DB8734B008A7CE9 /* XCRemoteSwiftPackageReference "langchain-swift" */ = {
			isa = XCRemoteSwiftPackageReference;
			repositoryURL = "https://github.com/buhe/langchain-swift.git";
			requirement = {
				kind = upToNextMajorVersion;
				minimumVersion = 0.50.0;
			};
		};
		B3A44E0B2DA4CA2200C4872D /* XCRemoteSwiftPackageReference "Alamofire" */ = {
			isa = XCRemoteSwiftPackageReference;
			repositoryURL = "https://github.com/Alamofire/Alamofire.git";
			requirement = {
				kind = upToNextMajorVersion;
				minimumVersion = 5.10.2;
			};
		};
		B3A44E0E2DA4CA2F00C4872D /* XCRemoteSwiftPackageReference "SnapKit" */ = {
			isa = XCRemoteSwiftPackageReference;
			repositoryURL = "https://github.com/SnapKit/SnapKit";
			requirement = {
				kind = upToNextMajorVersion;
				minimumVersion = 5.7.1;
			};
		};
/* End XCRemoteSwiftPackageReference section */

/* Begin XCSwiftPackageProductDependency section */
		0F1F8F812DACA066009730B2 /* AWSTranscribeStreaming */ = {
			isa = XCSwiftPackageProductDependency;
			package = 0F1F8F802DACA066009730B2 /* XCRemoteSwiftPackageReference "aws-sdk-swift" */;
			productName = AWSTranscribeStreaming;
		};
		0F1F90132DACAA4D009730B2 /* ArgumentParser */ = {
			isa = XCSwiftPackageProductDependency;
			package = 0F1F90122DACAA4D009730B2 /* XCRemoteSwiftPackageReference "swift-argument-parser" */;
			productName = ArgumentParser;
		};
		0F43132A2DADFA0800BD796F /* AWSTranscribe */ = {
			isa = XCSwiftPackageProductDependency;
			package = 0F1F8F802DACA066009730B2 /* XCRemoteSwiftPackageReference "aws-sdk-swift" */;
			productName = AWSTranscribe;
		};
		0F4313BE2DAE06AF00BD796F /* AWSS3 */ = {
			isa = XCSwiftPackageProductDependency;
			package = 0F1F8F802DACA066009730B2 /* XCRemoteSwiftPackageReference "aws-sdk-swift" */;
			productName = AWSS3;
		};
		0F6AF8742DB87BEE003B6735 /* DGCharts */ = {
			isa = XCSwiftPackageProductDependency;
			package = 0F6AF8732DB87BEE003B6735 /* XCRemoteSwiftPackageReference "Charts" */;
			productName = DGCharts;
		};
		0FE413792DAFDB9200769656 /* OpenAI */ = {
			isa = XCSwiftPackageProductDependency;
			package = 0FE413782DAFDB9200769656 /* XCRemoteSwiftPackageReference "OpenAI" */;
			productName = OpenAI;
		};
		B33A68E12DB8734B008A7CE9 /* LangChain */ = {
			isa = XCSwiftPackageProductDependency;
			package = B33A68E02DB8734B008A7CE9 /* XCRemoteSwiftPackageReference "langchain-swift" */;
			productName = LangChain;
		};
		B3A44E0C2DA4CA2200C4872D /* Alamofire */ = {
			isa = XCSwiftPackageProductDependency;
			package = B3A44E0B2DA4CA2200C4872D /* XCRemoteSwiftPackageReference "Alamofire" */;
			productName = Alamofire;
		};
		B3A44E0F2DA4CA2F00C4872D /* SnapKit */ = {
			isa = XCSwiftPackageProductDependency;
			package = B3A44E0E2DA4CA2F00C4872D /* XCRemoteSwiftPackageReference "SnapKit" */;
			productName = SnapKit;
		};
/* End XCSwiftPackageProductDependency section */
	};
	rootObject = B3A44DE62DA4C37400C4872D /* Project object */;
}
